// !$*UTF8*$!
{
	archiveVersion = 1;
	classes = {
	};
	objectVersion = 46;
	objects = {

/* Begin PBXBuildFile section */
		EE1B77CD1D75412100FE71FA /* AppDelegate.swift in Sources */ = {isa = PBXBuildFile; fileRef = EE1B77CC1D75412100FE71FA /* AppDelegate.swift */; };
		EE1B77CF1D75412100FE71FA /* Brain.swift in Sources */ = {isa = PBXBuildFile; fileRef = EE1B77CE1D75412100FE71FA /* Brain.swift */; };
		EE1B77D21D75412100FE71FA /* Main.storyboard in Resources */ = {isa = PBXBuildFile; fileRef = EE1B77D01D75412100FE71FA /* Main.storyboard */; };
		EE1B77D41D75412100FE71FA /* Assets.xcassets in Resources */ = {isa = PBXBuildFile; fileRef = EE1B77D31D75412100FE71FA /* Assets.xcassets */; };
		EE1B77D71D75412100FE71FA /* LaunchScreen.storyboard in Resources */ = {isa = PBXBuildFile; fileRef = EE1B77D51D75412100FE71FA /* LaunchScreen.storyboard */; };
/* End PBXBuildFile section */

/* Begin PBXFileReference section */
		EE1B77C91D75412100FE71FA /* AtBash.app */ = {isa = PBXFileReference; explicitFileType = wrapper.application; includeInIndex = 0; path = AtBash.app; sourceTree = BUILT_PRODUCTS_DIR; };
		EE1B77CC1D75412100FE71FA /* AppDelegate.swift */ = {isa = PBXFileReference; lastKnownFileType = sourcecode.swift; path = AppDelegate.swift; sourceTree = "<group>"; };
		EE1B77CE1D75412100FE71FA /* Brain.swift */ = {isa = PBXFileReference; lastKnownFileType = sourcecode.swift; path = Brain.swift; sourceTree = "<group>"; };
		EE1B77D11D75412100FE71FA /* Base */ = {isa = PBXFileReference; lastKnownFileType = file.storyboard; name = Base; path = Base.lproj/Main.storyboard; sourceTree = "<group>"; };
		EE1B77D31D75412100FE71FA /* Assets.xcassets */ = {isa = PBXFileReference; lastKnownFileType = folder.assetcatalog; path = Assets.xcassets; sourceTree = "<group>"; };
		EE1B77D61D75412100FE71FA /* Base */ = {isa = PBXFileReference; lastKnownFileType = file.storyboard; name = Base; path = Base.lproj/LaunchScreen.storyboard; sourceTree = "<group>"; };
		EE1B77D81D75412100FE71FA /* Info.plist */ = {isa = PBXFileReference; lastKnownFileType = text.plist.xml; path = Info.plist; sourceTree = "<group>"; };
/* End PBXFileReference section */

/* Begin PBXFrameworksBuildPhase section */
		EE1B77C61D75412100FE71FA /* Frameworks */ = {
			isa = PBXFrameworksBuildPhase;
			buildActionMask = 2147483647;
			files = (
			);
			runOnlyForDeploymentPostprocessing = 0;
		};
/* End PBXFrameworksBuildPhase section */

/* Begin PBXGroup section */
		EE1B77C01D75412100FE71FA = {
			isa = PBXGroup;
			children = (
				EE1B77CB1D75412100FE71FA /* AtBash */,
				EE1B77CA1D75412100FE71FA /* Products */,
			);
			sourceTree = "<group>";
		};
		EE1B77CA1D75412100FE71FA /* Products */ = {
			isa = PBXGroup;
			children = (
				EE1B77C91D75412100FE71FA /* AtBash.app */,
			);
			name = Products;
			sourceTree = "<group>";
		};
		EE1B77CB1D75412100FE71FA /* AtBash */ = {
			isa = PBXGroup;
			children = (
				EE1B77CC1D75412100FE71FA /* AppDelegate.swift */,
				EE1B77CE1D75412100FE71FA /* Brain.swift */,
				EE1B77D01D75412100FE71FA /* Main.storyboard */,
				EE1B77D31D75412100FE71FA /* Assets.xcassets */,
				EE1B77D51D75412100FE71FA /* LaunchScreen.storyboard */,
				EE1B77D81D75412100FE71FA /* Info.plist */,
			);
			path = AtBash;
			sourceTree = "<group>";
		};
/* End PBXGroup section */

/* Begin PBXNativeTarget section */
		EE1B77C81D75412100FE71FA /* AtBash */ = {
			isa = PBXNativeTarget;
			buildConfigurationList = EE1B77DB1D75412100FE71FA /* Build configuration list for PBXNativeTarget "AtBash" */;
			buildPhases = (
				EE1B77C51D75412100FE71FA /* Sources */,
				EE1B77C61D75412100FE71FA /* Frameworks */,
				EE1B77C71D75412100FE71FA /* Resources */,
			);
			buildRules = (
			);
			dependencies = (
			);
			name = AtBash;
			productName = AtBash;
			productReference = EE1B77C91D75412100FE71FA /* AtBash.app */;
			productType = "com.apple.product-type.application";
		};
/* End PBXNativeTarget section */

/* Begin PBXProject section */
		EE1B77C11D75412100FE71FA /* Project object */ = {
			isa = PBXProject;
			attributes = {
				LastSwiftUpdateCheck = 0800;
				LastUpgradeCheck = 0800;
				ORGANIZATIONNAME = "The Iron Yard";
				TargetAttributes = {
					EE1B77C81D75412100FE71FA = {
						CreatedOnToolsVersion = 8.0;
						ProvisioningStyle = Automatic;
					};
				};
			};
			buildConfigurationList = EE1B77C41D75412100FE71FA /* Build configuration list for PBXProject "AtBash" */;
			compatibilityVersion = "Xcode 3.2";
			developmentRegion = English;
			hasScannedForEncodings = 0;
			knownRegions = (
				en,
				Base,
			);
			mainGroup = EE1B77C01D75412100FE71FA;
			productRefGroup = EE1B77CA1D75412100FE71FA /* Products */;
			projectDirPath = "";
			projectRoot = "";
			targets = (
				EE1B77C81D75412100FE71FA /* AtBash */,
			);
		};
/* End PBXProject section */

/* Begin PBXResourcesBuildPhase section */
		EE1B77C71D75412100FE71FA /* Resources */ = {
			isa = PBXResourcesBuildPhase;
			buildActionMask = 2147483647;
			files = (
				EE1B77D71D75412100FE71FA /* LaunchScreen.storyboard in Resources */,
				EE1B77D41D75412100FE71FA /* Assets.xcassets in Resources */,
				EE1B77D21D75412100FE71FA /* Main.storyboard in Resources */,
			);
			runOnlyForDeploymentPostprocessing = 0;
		};
/* End PBXResourcesBuildPhase section */

/* Begin PBXSourcesBuildPhase section */
		EE1B77C51D75412100FE71FA /* Sources */ = {
			isa = PBXSourcesBuildPhase;
			buildActionMask = 2147483647;
			files = (
				EE1B77CF1D75412100FE71FA /* Brain.swift in Sources */,
				EE1B77CD1D75412100FE71FA /* AppDelegate.swift in Sources */,
			);
			runOnlyForDeploymentPostprocessing = 0;
		};
/* End PBXSourcesBuildPhase section */

/* Begin PBXVariantGroup section */
		EE1B77D01D75412100FE71FA /* Main.storyboard */ = {
			isa = PBXVariantGroup;
			children = (
				EE1B77D11D75412100FE71FA /* Base */,
			);
			name = Main.storyboard;
			sourceTree = "<group>";
		};
		EE1B77D51D75412100FE71FA /* LaunchScreen.storyboard */ = {
			isa = PBXVariantGroup;
			children = (
				EE1B77D61D75412100FE71FA /* Base */,
			);
			name = LaunchScreen.storyboard;
			sourceTree = "<group>";
		};
/* End PBXVariantGroup section */

/* Begin XCBuildConfiguration section */
		EE1B77D91D75412100FE71FA /* Debug */ = {
			isa = XCBuildConfiguration;
			buildSettings = {
				ALWAYS_SEARCH_USER_PATHS = NO;
				CLANG_ANALYZER_NONNULL = YES;
				CLANG_CXX_LANGUAGE_STANDARD = "gnu++0x";
				CLANG_CXX_LIBRARY = "libc++";
				CLANG_ENABLE_MODULES = YES;
				CLANG_ENABLE_OBJC_ARC = YES;
				CLANG_WARN_BOOL_CONVERSION = YES;
				CLANG_WARN_CONSTANT_CONVERSION = YES;
				CLANG_WARN_DIRECT_OBJC_ISA_USAGE = YES_ERROR;
				CLANG_WARN_DOCUMENTATION_COMMENTS = YES;
				CLANG_WARN_EMPTY_BODY = YES;
				CLANG_WARN_ENUM_CONVERSION = YES;
				CLANG_WARN_INFINITE_RECURSION = YES;
				CLANG_WARN_INT_CONVERSION = YES;
				CLANG_WARN_OBJC_ROOT_CLASS = YES_ERROR;
				CLANG_WARN_SUSPICIOUS_MOVES = YES;
				CLANG_WARN_UNREACHABLE_CODE = YES;
				CLANG_WARN__DUPLICATE_METHOD_MATCH = YES;
				"CODE_SIGN_IDENTITY[sdk=iphoneos*]" = "iPhone Developer";
				COPY_PHASE_STRIP = NO;
				DEBUG_INFORMATION_FORMAT = dwarf;
				ENABLE_STRICT_OBJC_MSGSEND = YES;
				ENABLE_TESTABILITY = YES;
				GCC_C_LANGUAGE_STANDARD = gnu99;
				GCC_DYNAMIC_NO_PIC = NO;
				GCC_NO_COMMON_BLOCKS = YES;
				GCC_OPTIMIZATION_LEVEL = 0;
				GCC_PREPROCESSOR_DEFINITIONS = (
					"DEBUG=1",
					"$(inherited)",
				);
				GCC_WARN_64_TO_32_BIT_CONVERSION = YES;
				GCC_WARN_ABOUT_RETURN_TYPE = YES_ERROR;
				GCC_WARN_UNDECLARED_SELECTOR = YES;
				GCC_WARN_UNINITIALIZED_AUTOS = YES_AGGRESSIVE;
				GCC_WARN_UNUSED_FUNCTION = YES;
				GCC_WARN_UNUSED_VARIABLE = YES;
				IPHONEOS_DEPLOYMENT_TARGET = 10.0;
				MTL_ENABLE_DEBUG_INFO = YES;
				ONLY_ACTIVE_ARCH = YES;
				SDKROOT = iphoneos;
				SWIFT_ACTIVE_COMPILATION_CONDITIONS = DEBUG;
				SWIFT_OPTIMIZATION_LEVEL = "-Onone";
			};
			name = Debug;
		};
		EE1B77DA1D75412100FE71FA /* Release */ = {
			isa = XCBuildConfiguration;
			buildSettings = {
				ALWAYS_SEARCH_USER_PATHS = NO;
				CLANG_ANALYZER_NONNULL = YES;
				CLANG_CXX_LANGUAGE_STANDARD = "gnu++0x";
				CLANG_CXX_LIBRARY = "libc++";
				CLANG_ENABLE_MODULES = YES;
				CLANG_ENABLE_OBJC_ARC = YES;
				CLANG_WARN_BOOL_CONVERSION = YES;
				CLANG_WARN_CONSTANT_CONVERSION = YES;
				CLANG_WARN_DIRECT_OBJC_ISA_USAGE = YES_ERROR;
				CLANG_WARN_DOCUMENTATION_COMMENTS = YES;
				CLANG_WARN_EMPTY_BODY = YES;
				CLANG_WARN_ENUM_CONVERSION = YES;
				CLANG_WARN_INFINITE_RECURSION = YES;
				CLANG_WARN_INT_CONVERSION = YES;
				CLANG_WARN_OBJC_ROOT_CLASS = YES_ERROR;
				CLANG_WARN_SUSPICIOUS_MOVES = YES;
				CLANG_WARN_UNREACHABLE_CODE = YES;
				CLANG_WARN__DUPLICATE_METHOD_MATCH = YES;
				"CODE_SIGN_IDENTITY[sdk=iphoneos*]" = "iPhone Developer";
				COPY_PHASE_STRIP = NO;
				DEBUG_INFORMATION_FORMAT = "dwarf-with-dsym";
				ENABLE_NS_ASSERTIONS = NO;
				ENABLE_STRICT_OBJC_MSGSEND = YES;
				GCC_C_LANGUAGE_STANDARD = gnu99;
				GCC_NO_COMMON_BLOCKS = YES;
				GCC_WARN_64_TO_32_BIT_CONVERSION = YES;
				GCC_WARN_ABOUT_RETURN_TYPE = YES_ERROR;
				GCC_WARN_UNDECLARED_SELECTOR = YES;
				GCC_WARN_UNINITIALIZED_AUTOS = YES_AGGRESSIVE;
				GCC_WARN_UNUSED_FUNCTION = YES;
				GCC_WARN_UNUSED_VARIABLE = YES;
				IPHONEOS_DEPLOYMENT_TARGET = 10.0;
				MTL_ENABLE_DEBUG_INFO = NO;
				SDKROOT = iphoneos;
				SWIFT_OPTIMIZATION_LEVEL = "-Owholemodule";
				VALIDATE_PRODUCT = YES;
			};
			name = Release;
		};
		EE1B77DC1D75412100FE71FA /* Debug */ = {
			isa = XCBuildConfiguration;
			buildSettings = {
				ASSETCATALOG_COMPILER_APPICON_NAME = AppIcon;
				INFOPLIST_FILE = AtBash/Info.plist;
				LD_RUNPATH_SEARCH_PATHS = "$(inherited) @executable_path/Frameworks";
				PRODUCT_BUNDLE_IDENTIFIER = com.tiy.AtBash;
				PRODUCT_NAME = "$(TARGET_NAME)";
				SWIFT_VERSION = 3.0;
			};
			name = Debug;
		};
		EE1B77DD1D75412100FE71FA /* Release */ = {
			isa = XCBuildConfiguration;
			buildSettings = {
				ASSETCATALOG_COMPILER_APPICON_NAME = AppIcon;
				INFOPLIST_FILE = AtBash/Info.plist;
				LD_RUNPATH_SEARCH_PATHS = "$(inherited) @executable_path/Frameworks";
				PRODUCT_BUNDLE_IDENTIFIER = com.tiy.AtBash;
				PRODUCT_NAME = "$(TARGET_NAME)";
				SWIFT_VERSION = 3.0;
			};
			name = Release;
		};
/* End XCBuildConfiguration section */

/* Begin XCConfigurationList section */
		EE1B77C41D75412100FE71FA /* Build configuration list for PBXProject "AtBash" */ = {
			isa = XCConfigurationList;
			buildConfigurations = (
				EE1B77D91D75412100FE71FA /* Debug */,
				EE1B77DA1D75412100FE71FA /* Release */,
			);
			defaultConfigurationIsVisible = 0;
			defaultConfigurationName = Release;
		};
		EE1B77DB1D75412100FE71FA /* Build configuration list for PBXNativeTarget "AtBash" */ = {
			isa = XCConfigurationList;
			buildConfigurations = (
				EE1B77DC1D75412100FE71FA /* Debug */,
				EE1B77DD1D75412100FE71FA /* Release */,
			);
			defaultConfigurationIsVisible = 0;
		};
/* End XCConfigurationList section */
	};
	rootObject = EE1B77C11D75412100FE71FA /* Project object */;
}
